
Microsoft Visual Studio Solution File, Format Version 12.00
# Visual Studio Version 17
VisualStudioVersion = 17.3.32929.385
MinimumVisualStudioVersion = 10.0.40219.1
Project("{FAE04EC0-301F-11D3-BF4B-00C04F79EFBC}") = "Module3HW5", "Module3HW5\Module3HW5.csproj", "{B966CCF1-DE2B-43E9-996A-776D4C71E4F5}"
EndProject
Global
	GlobalSection(SolutionConfigurationPlatforms) = preSolution
		Debug|Any CPU = Debug|Any CPU
		Release|Any CPU = Release|Any CPU
	EndGlobalSection
	GlobalSection(ProjectConfigurationPlatforms) = postSolution
		{B966CCF1-DE2B-43E9-996A-776D4C71E4F5}.Debug|Any CPU.ActiveCfg = Debug|Any CPU
		{B966CCF1-DE2B-43E9-996A-776D4C71E4F5}.Debug|Any CPU.Build.0 = Debug|Any CPU
		{B966CCF1-DE2B-43E9-996A-776D4C71E4F5}.Release|Any CPU.ActiveCfg = Release|Any CPU
		{B966CCF1-DE2B-43E9-996A-776D4C71E4F5}.Release|Any CPU.Build.0 = Release|Any CPU
	EndGlobalSection
	GlobalSection(SolutionProperties) = preSolution
		HideSolutionNode = FALSE
	EndGlobalSection
	GlobalSection(ExtensibilityGlobals) = postSolution
		SolutionGuid = {20F1AEB3-3371-4D0F-B87A-A153D2DDF16B}
	EndGlobalSection
EndGlobal
